
Microsoft Visual Studio Solution File, Format Version 12.00
# Visual Studio Version 17
VisualStudioVersion = 17.2.32526.322
MinimumVisualStudioVersion = 10.0.40219.1
Project("{FAE04EC0-301F-11D3-BF4B-00C04F79EFBC}") = "Sample.GoogleCalendarApi", "Sample.GoogleCalendarApi\Sample.GoogleCalendarApi.csproj", "{84F40B5A-3CBF-4931-BE98-1F9505834181}"
EndProject
Global
	GlobalSection(SolutionConfigurationPlatforms) = preSolution
		Debug|Any CPU = Debug|Any CPU
		Release|Any CPU = Release|Any CPU
	EndGlobalSection
	GlobalSection(ProjectConfigurationPlatforms) = postSolution
		{84F40B5A-3CBF-4931-BE98-1F9505834181}.Debug|Any CPU.ActiveCfg = Debug|Any CPU
		{84F40B5A-3CBF-4931-BE98-1F9505834181}.Debug|Any CPU.Build.0 = Debug|Any CPU
		{84F40B5A-3CBF-4931-BE98-1F9505834181}.Release|Any CPU.ActiveCfg = Release|Any CPU
		{84F40B5A-3CBF-4931-BE98-1F9505834181}.Release|Any CPU.Build.0 = Release|Any CPU
	EndGlobalSection
	GlobalSection(SolutionProperties) = preSolution
		HideSolutionNode = FALSE
	EndGlobalSection
	GlobalSection(ExtensibilityGlobals) = postSolution
		SolutionGuid = {A0424613-91D5-40BB-9A14-E133C5C1A557}
	EndGlobalSection
EndGlobal
